
Microsoft Visual Studio Solution File, Format Version 12.00
# Visual Studio Version 17
VisualStudioVersion = 17.9.34622.214
MinimumVisualStudioVersion = 10.0.40219.1
Project("{9A19103F-16F7-4668-BE54-9A1E7A4F7556}") = "UserMessages", "UserMessages\UserMessages.csproj", "{4B27203C-9DDA-46D4-B464-F30A9840D07B}"
EndProject
Project("{9A19103F-16F7-4668-BE54-9A1E7A4F7556}") = "BusinessLayer.UserMessages", "BusinessLayer.UserMessages\BusinessLayer.UserMessages.csproj", "{BA121068-96F4-470E-926E-0D56227B62C2}"
EndProject
Project("{9A19103F-16F7-4668-BE54-9A1E7A4F7556}") = "DataAccessLayer.UserMessages", "DataAccessLayer.UserMessages\DataAccessLayer.UserMessages.csproj", "{B5726FCA-1760-4F83-B9AB-2DB3FA1FDFCA}"
EndProject
Project("{9A19103F-16F7-4668-BE54-9A1E7A4F7556}") = "EntityLayer.UserMessages", "EntityLayer.UserMessages\EntityLayer.UserMessages.csproj", "{D51D0B3E-7FAB-417E-96DB-240051419B1A}"
EndProject
Global
	GlobalSection(SolutionConfigurationPlatforms) = preSolution
		Debug|Any CPU = Debug|Any CPU
		Release|Any CPU = Release|Any CPU
	EndGlobalSection
	GlobalSection(ProjectConfigurationPlatforms) = postSolution
		{4B27203C-9DDA-46D4-B464-F30A9840D07B}.Debug|Any CPU.ActiveCfg = Debug|Any CPU
		{4B27203C-9DDA-46D4-B464-F30A9840D07B}.Debug|Any CPU.Build.0 = Debug|Any CPU
		{4B27203C-9DDA-46D4-B464-F30A9840D07B}.Release|Any CPU.ActiveCfg = Release|Any CPU
		{4B27203C-9DDA-46D4-B464-F30A9840D07B}.Release|Any CPU.Build.0 = Release|Any CPU
		{BA121068-96F4-470E-926E-0D56227B62C2}.Debug|Any CPU.ActiveCfg = Debug|Any CPU
		{BA121068-96F4-470E-926E-0D56227B62C2}.Debug|Any CPU.Build.0 = Debug|Any CPU
		{BA121068-96F4-470E-926E-0D56227B62C2}.Release|Any CPU.ActiveCfg = Release|Any CPU
		{BA121068-96F4-470E-926E-0D56227B62C2}.Release|Any CPU.Build.0 = Release|Any CPU
		{B5726FCA-1760-4F83-B9AB-2DB3FA1FDFCA}.Debug|Any CPU.ActiveCfg = Debug|Any CPU
		{B5726FCA-1760-4F83-B9AB-2DB3FA1FDFCA}.Debug|Any CPU.Build.0 = Debug|Any CPU
		{B5726FCA-1760-4F83-B9AB-2DB3FA1FDFCA}.Release|Any CPU.ActiveCfg = Release|Any CPU
		{B5726FCA-1760-4F83-B9AB-2DB3FA1FDFCA}.Release|Any CPU.Build.0 = Release|Any CPU
		{D51D0B3E-7FAB-417E-96DB-240051419B1A}.Debug|Any CPU.ActiveCfg = Debug|Any CPU
		{D51D0B3E-7FAB-417E-96DB-240051419B1A}.Debug|Any CPU.Build.0 = Debug|Any CPU
		{D51D0B3E-7FAB-417E-96DB-240051419B1A}.Release|Any CPU.ActiveCfg = Release|Any CPU
		{D51D0B3E-7FAB-417E-96DB-240051419B1A}.Release|Any CPU.Build.0 = Release|Any CPU
	EndGlobalSection
	GlobalSection(SolutionProperties) = preSolution
		HideSolutionNode = FALSE
	EndGlobalSection
	GlobalSection(ExtensibilityGlobals) = postSolution
		SolutionGuid = {8D564EC2-E6B1-410A-B2B7-AFF2E8ED74F2}
	EndGlobalSection
EndGlobal
